
Microsoft Visual Studio Solution File, Format Version 12.00
# Visual Studio Version 16
VisualStudioVersion = 16.0.31624.102
MinimumVisualStudioVersion = 10.0.40219.1
Project("{FAE04EC0-301F-11D3-BF4B-00C04F79EFBC}") = "CUT-M", "CUT-M.csproj", "{2E9AC70E-D569-4781-B5F0-03D8B1170D17}"
EndProject
Global
	GlobalSection(SolutionConfigurationPlatforms) = preSolution
		Debug|Any CPU = Debug|Any CPU
		Release|Any CPU = Release|Any CPU
	EndGlobalSection
	GlobalSection(ProjectConfigurationPlatforms) = postSolution
		{2E9AC70E-D569-4781-B5F0-03D8B1170D17}.Debug|Any CPU.ActiveCfg = Debug|Any CPU
		{2E9AC70E-D569-4781-B5F0-03D8B1170D17}.Debug|Any CPU.Build.0 = Debug|Any CPU
		{2E9AC70E-D569-4781-B5F0-03D8B1170D17}.Release|Any CPU.ActiveCfg = Release|Any CPU
		{2E9AC70E-D569-4781-B5F0-03D8B1170D17}.Release|Any CPU.Build.0 = Release|Any CPU
	EndGlobalSection
	GlobalSection(SolutionProperties) = preSolution
		HideSolutionNode = FALSE
	EndGlobalSection
	GlobalSection(ExtensibilityGlobals) = postSolution
		SolutionGuid = {23100D09-54E9-4749-A6E3-C264BF9B577D}
	EndGlobalSection
EndGlobal
